
Microsoft Visual Studio Solution File, Format Version 12.00
# Visual Studio Version 16
VisualStudioVersion = 16.0.30114.105
MinimumVisualStudioVersion = 10.0.40219.1
Project("{FAE04EC0-301F-11D3-BF4B-00C04F79EFBC}") = "UnitTestProject1", "UnitTestProject1\UnitTestProject1.csproj", "{C4141D02-5FFD-41C0-B6CD-5A50B5BF0369}"
EndProject
Global
	GlobalSection(SolutionConfigurationPlatforms) = preSolution
		Debug|Any CPU = Debug|Any CPU
		Release|Any CPU = Release|Any CPU
	EndGlobalSection
	GlobalSection(ProjectConfigurationPlatforms) = postSolution
		{C4141D02-5FFD-41C0-B6CD-5A50B5BF0369}.Debug|Any CPU.ActiveCfg = Debug|Any CPU
		{C4141D02-5FFD-41C0-B6CD-5A50B5BF0369}.Debug|Any CPU.Build.0 = Debug|Any CPU
		{C4141D02-5FFD-41C0-B6CD-5A50B5BF0369}.Release|Any CPU.ActiveCfg = Release|Any CPU
		{C4141D02-5FFD-41C0-B6CD-5A50B5BF0369}.Release|Any CPU.Build.0 = Release|Any CPU
	EndGlobalSection
	GlobalSection(SolutionProperties) = preSolution
		HideSolutionNode = FALSE
	EndGlobalSection
	GlobalSection(ExtensibilityGlobals) = postSolution
		SolutionGuid = {1ED0039C-0AA9-478F-ABDE-376B777DC67D}
	EndGlobalSection
EndGlobal
